{
  "name": "skillflow",
  "version": "0.3.0",
  "lockfileVersion": 3,
  "requires": true,
  "packages": {
    "": {
      "name": "skillflow",
      "version": "0.3.0",
      "license": "MIT",
      "bin": {
        "skillflow": "bin/skillflow"
      },
      "engines": {
        "node": ">=14.0.0"
      }
    }
  }
}
